
Microsoft Visual Studio Solution File, Format Version 12.00
# Visual Studio Version 16
VisualStudioVersion = 16.0.29509.3
MinimumVisualStudioVersion = 10.0.40219.1
Project("{FAE04EC0-301F-11D3-BF4B-00C04F79EFBC}") = "WinForm Version", "WinForm Version.csproj", "{412CADF8-088B-4053-84A1-2FC71F8E4544}"
EndProject
Project("{FAE04EC0-301F-11D3-BF4B-00C04F79EFBC}") = "CoreMVCApplication", "..\CoreMVCApplication\CoreMVCApplication.csproj", "{283320DA-93AE-4555-97F1-39D6AEBB2274}"
EndProject
Global
	GlobalSection(SolutionConfigurationPlatforms) = preSolution
		Debug|Any CPU = Debug|Any CPU
		Release|Any CPU = Release|Any CPU
	EndGlobalSection
	GlobalSection(ProjectConfigurationPlatforms) = postSolution
		{412CADF8-088B-4053-84A1-2FC71F8E4544}.Debug|Any CPU.ActiveCfg = Debug|Any CPU
		{412CADF8-088B-4053-84A1-2FC71F8E4544}.Debug|Any CPU.Build.0 = Debug|Any CPU
		{412CADF8-088B-4053-84A1-2FC71F8E4544}.Release|Any CPU.ActiveCfg = Release|Any CPU
		{412CADF8-088B-4053-84A1-2FC71F8E4544}.Release|Any CPU.Build.0 = Release|Any CPU
		{283320DA-93AE-4555-97F1-39D6AEBB2274}.Debug|Any CPU.ActiveCfg = Debug|Any CPU
		{283320DA-93AE-4555-97F1-39D6AEBB2274}.Debug|Any CPU.Build.0 = Debug|Any CPU
		{283320DA-93AE-4555-97F1-39D6AEBB2274}.Release|Any CPU.ActiveCfg = Release|Any CPU
		{283320DA-93AE-4555-97F1-39D6AEBB2274}.Release|Any CPU.Build.0 = Release|Any CPU
	EndGlobalSection
	GlobalSection(SolutionProperties) = preSolution
		HideSolutionNode = FALSE
	EndGlobalSection
	GlobalSection(ExtensibilityGlobals) = postSolution
		SolutionGuid = {B7B2DD9E-B692-418D-A86F-C9718B9ACA5C}
	EndGlobalSection
EndGlobal
